PODS:
  - AFNetworking (3.2.1):
    - AFNetworking/NSURLSession (= 3.2.1)
    - AFNetworking/Reachability (= 3.2.1)
    - AFNetworking/Security (= 3.2.1)
    - AFNetworking/Serialization (= 3.2.1)
    - AFNetworking/UIKit (= 3.2.1)
  - AFNetworking/NSURLSession (3.2.1):
    - AFNetworking/Reachability
    - AFNetworking/Security
    - AFNetworking/Serialization
  - AFNetworking/Reachability (3.2.1)
  - AFNetworking/Security (3.2.1)
  - AFNetworking/Serialization (3.2.1)
  - AFNetworking/UIKit (3.2.1):
    - AFNetworking/NSURLSession
  - CarbonKit (2.3.0)
  - Charts (3.3.0):
    - Charts/Core (= 3.3.0)
  - Charts/Core (3.3.0)
  - Colours (5.13.0):
    - Colours/ObjC (= 5.13.0)
  - Colours/ObjC (5.13.0)
  - Firebase/Analytics (6.33.0):
    - Firebase/Core
  - Firebase/Core (6.33.0):
    - Firebase/CoreOnly
    - FirebaseAnalytics (= 6.8.3)
  - Firebase/CoreOnly (6.33.0):
    - FirebaseCore (= 6.10.3)
  - Firebase/Crashlytics (6.33.0):
    - Firebase/CoreOnly
    - FirebaseCrashlytics (~> 4.6.1)
  - FirebaseAnalytics (6.8.3):
    - FirebaseCore (~> 6.10)
    - FirebaseInstallations (~> 1.6)
    - GoogleAppMeasurement (= 6.8.3)
    - GoogleUtilities/AppDelegateSwizzler (~> 6.7)
    - GoogleUtilities/MethodSwizzler (~> 6.7)
    - GoogleUtilities/Network (~> 6.7)
    - "GoogleUtilities/NSData+zlib (~> 6.7)"
    - nanopb (~> 1.30906.0)
  - FirebaseCore (6.10.3):
    - FirebaseCoreDiagnostics (~> 1.6)
    - GoogleUtilities/Environment (~> 6.7)
    - GoogleUtilities/Logger (~> 6.7)
  - FirebaseCoreDiagnostics (1.7.0):
    - GoogleDataTransport (~> 7.4)
    - GoogleUtilities/Environment (~> 6.7)
    - GoogleUtilities/Logger (~> 6.7)
    - nanopb (~> 1.30906.0)
  - FirebaseCrashlytics (4.6.1):
    - FirebaseCore (~> 6.10)
    - FirebaseInstallations (~> 1.6)
    - GoogleDataTransport (~> 7.2)
    - nanopb (~> 1.30906.0)
    - PromisesObjC (~> 1.2)
  - FirebaseInstallations (1.7.0):
    - FirebaseCore (~> 6.10)
    - GoogleUtilities/Environment (~> 6.7)
    - GoogleUtilities/UserDefaults (~> 6.7)
    - PromisesObjC (~> 1.2)
  - GoogleAppMeasurement (6.8.3):
    - GoogleUtilities/AppDelegateSwizzler (~> 6.7)
    - GoogleUtilities/MethodSwizzler (~> 6.7)
    - GoogleUtilities/Network (~> 6.7)
    - "GoogleUtilities/NSData+zlib (~> 6.7)"
    - nanopb (~> 1.30906.0)
  - GoogleDataTransport (7.4.0):
    - nanopb (~> 1.30906.0)
  - GoogleUtilities/AppDelegateSwizzler (6.7.2):
    - GoogleUtilities/Environment
    - GoogleUtilities/Logger
    - GoogleUtilities/Network
  - GoogleUtilities/Environment (6.7.2):
    - PromisesObjC (~> 1.2)
  - GoogleUtilities/Logger (6.7.2):
    - GoogleUtilities/Environment
  - GoogleUtilities/MethodSwizzler (6.7.2):
    - GoogleUtilities/Logger
  - GoogleUtilities/Network (6.7.2):
    - GoogleUtilities/Logger
    - "GoogleUtilities/NSData+zlib"
    - GoogleUtilities/Reachability
  - "GoogleUtilities/NSData+zlib (6.7.2)"
  - GoogleUtilities/Reachability (6.7.2):
    - GoogleUtilities/Logger
  - GoogleUtilities/UserDefaults (6.7.2):
    - GoogleUtilities/Logger
  - IQKeyboardManager (6.4.0)
  - KSToastView (0.5.7)
  - LGSideMenuController (2.1.1)
  - nanopb (1.30906.0):
    - nanopb/decode (= 1.30906.0)
    - nanopb/encode (= 1.30906.0)
  - nanopb/decode (1.30906.0)
  - nanopb/encode (1.30906.0)
  - PromisesObjC (1.2.10)
  - RMActionController (1.3.1)
  - RMPickerViewController (2.3.1):
    - RMActionController (~> 1.3.1)
  - SSMaterialCalendarPicker (1.2.11)
  - SVProgressHUD (2.2.5)
  - TAKUUID (1.5.0)

DEPENDENCIES:
  - AFNetworking
  - CarbonKit
  - Charts
  - Colours
  - Firebase/Analytics
  - Firebase/Crashlytics
  - IQKeyboardManager
  - KSToastView
  - LGSideMenuController
  - RMPickerViewController
  - SSMaterialCalendarPicker
  - SVProgressHUD
  - TAKUUID

SPEC REPOS:
  trunk:
    - AFNetworking
    - CarbonKit
    - Charts
    - Colours
    - Firebase
    - FirebaseAnalytics
    - FirebaseCore
    - FirebaseCoreDiagnostics
    - FirebaseCrashlytics
    - FirebaseInstallations
    - GoogleAppMeasurement
    - GoogleDataTransport
    - GoogleUtilities
    - IQKeyboardManager
    - KSToastView
    - LGSideMenuController
    - nanopb
    - PromisesObjC
    - RMActionController
    - RMPickerViewController
    - SSMaterialCalendarPicker
    - SVProgressHUD
    - TAKUUID

SPEC CHECKSUMS:
  AFNetworking: b6f891fdfaed196b46c7a83cf209e09697b94057
  CarbonKit: fbbf0809ab18b33817a09da2591fc7ee9be7b17c
  Charts: e0dd4cd8f257bccf98407b58183ddca8e8d5b578
  Colours: f24220c38f13deac88612667e9b4a7fb96b871d4
  Firebase: 8db6f2d1b2c5e2984efba4949a145875a8f65fe5
  FirebaseAnalytics: 5dd088bd2e67bb9d13dbf792d1164ceaf3052193
  FirebaseCore: d889d9e12535b7f36ac8bfbf1713a0836a3012cd
  FirebaseCoreDiagnostics: 770ac5958e1372ce67959ae4b4f31d8e127c3ac1
  FirebaseCrashlytics: 5777d3462fb8c3ab9e80a2473bd7d667a2e8411c
  FirebaseInstallations: 466c7b4d1f58fe16707693091da253726a731ed2
  GoogleAppMeasurement: 966e88df9d19c15715137bb2ddaf52373f111436
  GoogleDataTransport: b7f406340a291370045a270c599e53c6fa6ec20f
  GoogleUtilities: 7f2f5a07f888cdb145101d6042bc4422f57e70b3
  IQKeyboardManager: fcef267266379c003181fc3592f6bdb8bf4db839
  KSToastView: aeb0ca50b44e9568b6f95b2d1ec53a3f016b50fc
  LGSideMenuController: ae40c80983ab8b8801c7cef0a6804d43aaa72d45
  nanopb: 59317e09cf1f1a0af72f12af412d54edf52603fc
  PromisesObjC: b14b1c6b68e306650688599de8a45e49fae81151
  RMActionController: 535715be9f3d9eb96a838485370dcccee0dda597
  RMPickerViewController: 4398994985b34d92f3f3e12f535ac0199f2937d4
  SSMaterialCalendarPicker: c276fea48318cd073705bbb49492cf9129f7d739
  SVProgressHUD: 1428aafac632c1f86f62aa4243ec12008d7a51d6
  TAKUUID: 48d7c690d85a27e7beb79b099349f1cf0d60c928

PODFILE CHECKSUM: 176a9df58363fe743a5dd03f4679489ba20eff85

COCOAPODS: 1.9.3
